
Microsoft Visual Studio Solution File, Format Version 12.00
# Visual Studio Version 16
VisualStudioVersion = 16.0.31105.61
MinimumVisualStudioVersion = 10.0.40219.1
Project("{FAE04EC0-301F-11D3-BF4B-00C04F79EFBC}") = "UnrealReplayServer", "UnrealReplayServer\UnrealReplayServer.csproj", "{B0464E19-6765-48D4-A2DF-3F1140FC24A1}"
EndProject
Global
	GlobalSection(SolutionConfigurationPlatforms) = preSolution
		Debug|Any CPU = Debug|Any CPU
		Release|Any CPU = Release|Any CPU
	EndGlobalSection
	GlobalSection(ProjectConfigurationPlatforms) = postSolution
		{B0464E19-6765-48D4-A2DF-3F1140FC24A1}.Debug|Any CPU.ActiveCfg = Debug|Any CPU
		{B0464E19-6765-48D4-A2DF-3F1140FC24A1}.Debug|Any CPU.Build.0 = Debug|Any CPU
		{B0464E19-6765-48D4-A2DF-3F1140FC24A1}.Release|Any CPU.ActiveCfg = Release|Any CPU
		{B0464E19-6765-48D4-A2DF-3F1140FC24A1}.Release|Any CPU.Build.0 = Release|Any CPU
	EndGlobalSection
	GlobalSection(SolutionProperties) = preSolution
		HideSolutionNode = FALSE
	EndGlobalSection
	GlobalSection(ExtensibilityGlobals) = postSolution
		SolutionGuid = {359908EE-E3E3-430A-BDE5-1865086D0BDF}
	EndGlobalSection
EndGlobal
